// !$*UTF8*$!
{
	archiveVersion = 1;
	classes = {
	};
	objectVersion = 46;
	objects = {

/* Begin PBXBuildFile section */
		1ABB0EE6F04DB0AC023B3F38 /* libPods-DribbbleApp.a in Frameworks */ = {isa = PBXBuildFile; fileRef = 5CDED0CDE3DA535AA8581D9A /* libPods-DribbbleApp.a */; };
		725B320A1DF726080053BEF0 /* ShotPostsCell.xib in Resources */ = {isa = PBXBuildFile; fileRef = 725B32091DF726080053BEF0 /* ShotPostsCell.xib */; };
		725B320D1DF727D50053BEF0 /* ShotPostsCell.m in Sources */ = {isa = PBXBuildFile; fileRef = 725B320C1DF727D50053BEF0 /* ShotPostsCell.m */; };
		8D859E171DF6804D0049D80B /* main.m in Sources */ = {isa = PBXBuildFile; fileRef = 8D859E161DF6804D0049D80B /* main.m */; };
		8D859E1A1DF6804D0049D80B /* AppDelegate.m in Sources */ = {isa = PBXBuildFile; fileRef = 8D859E191DF6804D0049D80B /* AppDelegate.m */; };
		8D859E1D1DF6804D0049D80B /* TrendViewController.m in Sources */ = {isa = PBXBuildFile; fileRef = 8D859E1C1DF6804D0049D80B /* TrendViewController.m */; };
		8D859E201DF6804D0049D80B /* SecondViewController.m in Sources */ = {isa = PBXBuildFile; fileRef = 8D859E1F1DF6804D0049D80B /* SecondViewController.m */; };
		8D859E231DF6804D0049D80B /* Main.storyboard in Resources */ = {isa = PBXBuildFile; fileRef = 8D859E211DF6804D0049D80B /* Main.storyboard */; };
		8D859E251DF6804D0049D80B /* Assets.xcassets in Resources */ = {isa = PBXBuildFile; fileRef = 8D859E241DF6804D0049D80B /* Assets.xcassets */; };
		8D859E281DF6804D0049D80B /* LaunchScreen.storyboard in Resources */ = {isa = PBXBuildFile; fileRef = 8D859E261DF6804D0049D80B /* LaunchScreen.storyboard */; };
		8D859E331DF6804D0049D80B /* DribbbleAppTests.m in Sources */ = {isa = PBXBuildFile; fileRef = 8D859E321DF6804D0049D80B /* DribbbleAppTests.m */; };
		8D859E3E1DF6804D0049D80B /* DribbbleAppUITests.m in Sources */ = {isa = PBXBuildFile; fileRef = 8D859E3D1DF6804D0049D80B /* DribbbleAppUITests.m */; };
		8D859E5E1DF806410049D80B /* QuartzCore.framework in Frameworks */ = {isa = PBXBuildFile; fileRef = 8D859E5D1DF806410049D80B /* QuartzCore.framework */; };
		921118BFF24E238AD9027B7C /* libPods-DribbbleAppTests.a in Frameworks */ = {isa = PBXBuildFile; fileRef = 84C3896CA409800F51A50D0A /* libPods-DribbbleAppTests.a */; };
		E34C764E542D7182046FC801 /* libPods-DribbbleAppUITests.a in Frameworks */ = {isa = PBXBuildFile; fileRef = 045498DCB2E2D3BF7D230455 /* libPods-DribbbleAppUITests.a */; };
/* End PBXBuildFile section */

/* Begin PBXContainerItemProxy section */
		8D859E2F1DF6804D0049D80B /* PBXContainerItemProxy */ = {
			isa = PBXContainerItemProxy;
			containerPortal = 8D859E0A1DF6804D0049D80B /* Project object */;
			proxyType = 1;
			remoteGlobalIDString = 8D859E111DF6804D0049D80B;
			remoteInfo = DribbbleApp;
		};
		8D859E3A1DF6804D0049D80B /* PBXContainerItemProxy */ = {
			isa = PBXContainerItemProxy;
			containerPortal = 8D859E0A1DF6804D0049D80B /* Project object */;
			proxyType = 1;
			remoteGlobalIDString = 8D859E111DF6804D0049D80B;
			remoteInfo = DribbbleApp;
		};
/* End PBXContainerItemProxy section */

/* Begin PBXFileReference section */
		045498DCB2E2D3BF7D230455 /* libPods-DribbbleAppUITests.a */ = {isa = PBXFileReference; explicitFileType = archive.ar; includeInIndex = 0; path = "libPods-DribbbleAppUITests.a"; sourceTree = BUILT_PRODUCTS_DIR; };
		12DF59988487D3D29DEB450D /* Pods-DribbbleAppTests.debug.xcconfig */ = {isa = PBXFileReference; includeInIndex = 1; lastKnownFileType = text.xcconfig; name = "Pods-DribbbleAppTests.debug.xcconfig"; path = "Pods/Target Support Files/Pods-DribbbleAppTests/Pods-DribbbleAppTests.debug.xcconfig"; sourceTree = "<group>"; };
		430AB9F8AB0D5C52D0A46F00 /* Pods-DribbbleAppUITests.release.xcconfig */ = {isa = PBXFileReference; includeInIndex = 1; lastKnownFileType = text.xcconfig; name = "Pods-DribbbleAppUITests.release.xcconfig"; path = "Pods/Target Support Files/Pods-DribbbleAppUITests/Pods-DribbbleAppUITests.release.xcconfig"; sourceTree = "<group>"; };
		5CDED0CDE3DA535AA8581D9A /* libPods-DribbbleApp.a */ = {isa = PBXFileReference; explicitFileType = archive.ar; includeInIndex = 0; path = "libPods-DribbbleApp.a"; sourceTree = BUILT_PRODUCTS_DIR; };
		70288AD39950DB7A1D362A3B /* Pods-DribbbleApp.release.xcconfig */ = {isa = PBXFileReference; includeInIndex = 1; lastKnownFileType = text.xcconfig; name = "Pods-DribbbleApp.release.xcconfig"; path = "Pods/Target Support Files/Pods-DribbbleApp/Pods-DribbbleApp.release.xcconfig"; sourceTree = "<group>"; };
		725B32091DF726080053BEF0 /* ShotPostsCell.xib */ = {isa = PBXFileReference; fileEncoding = 4; lastKnownFileType = file.xib; path = ShotPostsCell.xib; sourceTree = "<group>"; };
		725B320B1DF727D50053BEF0 /* ShotPostsCell.h */ = {isa = PBXFileReference; fileEncoding = 4; lastKnownFileType = sourcecode.c.h; path = ShotPostsCell.h; sourceTree = "<group>"; };
		725B320C1DF727D50053BEF0 /* ShotPostsCell.m */ = {isa = PBXFileReference; fileEncoding = 4; lastKnownFileType = sourcecode.c.objc; path = ShotPostsCell.m; sourceTree = "<group>"; };
		84C3896CA409800F51A50D0A /* libPods-DribbbleAppTests.a */ = {isa = PBXFileReference; explicitFileType = archive.ar; includeInIndex = 0; path = "libPods-DribbbleAppTests.a"; sourceTree = BUILT_PRODUCTS_DIR; };
		8D859E121DF6804D0049D80B /* DribbbleApp.app */ = {isa = PBXFileReference; explicitFileType = wrapper.application; includeInIndex = 0; path = DribbbleApp.app; sourceTree = BUILT_PRODUCTS_DIR; };
		8D859E161DF6804D0049D80B /* main.m */ = {isa = PBXFileReference; lastKnownFileType = sourcecode.c.objc; path = main.m; sourceTree = "<group>"; };
		8D859E181DF6804D0049D80B /* AppDelegate.h */ = {isa = PBXFileReference; lastKnownFileType = sourcecode.c.h; path = AppDelegate.h; sourceTree = "<group>"; };
		8D859E191DF6804D0049D80B /* AppDelegate.m */ = {isa = PBXFileReference; lastKnownFileType = sourcecode.c.objc; path = AppDelegate.m; sourceTree = "<group>"; };
		8D859E1B1DF6804D0049D80B /* TrendViewController.h */ = {isa = PBXFileReference; lastKnownFileType = sourcecode.c.h; path = TrendViewController.h; sourceTree = "<group>"; };
		8D859E1C1DF6804D0049D80B /* TrendViewController.m */ = {isa = PBXFileReference; lastKnownFileType = sourcecode.c.objc; path = TrendViewController.m; sourceTree = "<group>"; };
		8D859E1E1DF6804D0049D80B /* SecondViewController.h */ = {isa = PBXFileReference; lastKnownFileType = sourcecode.c.h; path = SecondViewController.h; sourceTree = "<group>"; };
		8D859E1F1DF6804D0049D80B /* SecondViewController.m */ = {isa = PBXFileReference; lastKnownFileType = sourcecode.c.objc; path = SecondViewController.m; sourceTree = "<group>"; };
		8D859E221DF6804D0049D80B /* Base */ = {isa = PBXFileReference; lastKnownFileType = file.storyboard; name = Base; path = Base.lproj/Main.storyboard; sourceTree = "<group>"; };
		8D859E241DF6804D0049D80B /* Assets.xcassets */ = {isa = PBXFileReference; lastKnownFileType = folder.assetcatalog; path = Assets.xcassets; sourceTree = "<group>"; };
		8D859E271DF6804D0049D80B /* Base */ = {isa = PBXFileReference; lastKnownFileType = file.storyboard; name = Base; path = Base.lproj/LaunchScreen.storyboard; sourceTree = "<group>"; };
		8D859E291DF6804D0049D80B /* Info.plist */ = {isa = PBXFileReference; lastKnownFileType = text.plist.xml; path = Info.plist; sourceTree = "<group>"; };
		8D859E2E1DF6804D0049D80B /* DribbbleAppTests.xctest */ = {isa = PBXFileReference; explicitFileType = wrapper.cfbundle; includeInIndex = 0; path = DribbbleAppTests.xctest; sourceTree = BUILT_PRODUCTS_DIR; };
		8D859E321DF6804D0049D80B /* DribbbleAppTests.m */ = {isa = PBXFileReference; lastKnownFileType = sourcecode.c.objc; path = DribbbleAppTests.m; sourceTree = "<group>"; };
		8D859E341DF6804D0049D80B /* Info.plist */ = {isa = PBXFileReference; lastKnownFileType = text.plist.xml; path = Info.plist; sourceTree = "<group>"; };
		8D859E391DF6804D0049D80B /* DribbbleAppUITests.xctest */ = {isa = PBXFileReference; explicitFileType = wrapper.cfbundle; includeInIndex = 0; path = DribbbleAppUITests.xctest; sourceTree = BUILT_PRODUCTS_DIR; };
		8D859E3D1DF6804D0049D80B /* DribbbleAppUITests.m */ = {isa = PBXFileReference; lastKnownFileType = sourcecode.c.objc; path = DribbbleAppUITests.m; sourceTree = "<group>"; };
		8D859E3F1DF6804D0049D80B /* Info.plist */ = {isa = PBXFileReference; lastKnownFileType = text.plist.xml; path = Info.plist; sourceTree = "<group>"; };
		8D859E5D1DF806410049D80B /* QuartzCore.framework */ = {isa = PBXFileReference; lastKnownFileType = wrapper.framework; name = QuartzCore.framework; path = System/Library/Frameworks/QuartzCore.framework; sourceTree = SDKROOT; };
		8D859E5F1DF819600049D80B /* advent-pro.regular.ttf */ = {isa = PBXFileReference; lastKnownFileType = file; path = "advent-pro.regular.ttf"; sourceTree = "<group>"; };
		BB90F435692580C636D5DB02 /* Pods-DribbbleApp.debug.xcconfig */ = {isa = PBXFileReference; includeInIndex = 1; lastKnownFileType = text.xcconfig; name = "Pods-DribbbleApp.debug.xcconfig"; path = "Pods/Target Support Files/Pods-DribbbleApp/Pods-DribbbleApp.debug.xcconfig"; sourceTree = "<group>"; };
		BE8EFF162FE1361DEEB9DD40 /* Pods-DribbbleAppTests.release.xcconfig */ = {isa = PBXFileReference; includeInIndex = 1; lastKnownFileType = text.xcconfig; name = "Pods-DribbbleAppTests.release.xcconfig"; path = "Pods/Target Support Files/Pods-DribbbleAppTests/Pods-DribbbleAppTests.release.xcconfig"; sourceTree = "<group>"; };
		F24B027058577995F9CB3AA0 /* Pods-DribbbleAppUITests.debug.xcconfig */ = {isa = PBXFileReference; includeInIndex = 1; lastKnownFileType = text.xcconfig; name = "Pods-DribbbleAppUITests.debug.xcconfig"; path = "Pods/Target Support Files/Pods-DribbbleAppUITests/Pods-DribbbleAppUITests.debug.xcconfig"; sourceTree = "<group>"; };
/* End PBXFileReference section */

/* Begin PBXFrameworksBuildPhase section */
		8D859E0F1DF6804D0049D80B /* Frameworks */ = {
			isa = PBXFrameworksBuildPhase;
			buildActionMask = 2147483647;
			files = (
				8D859E5E1DF806410049D80B /* QuartzCore.framework in Frameworks */,
				1ABB0EE6F04DB0AC023B3F38 /* libPods-DribbbleApp.a in Frameworks */,
			);
			runOnlyForDeploymentPostprocessing = 0;
		};
		8D859E2B1DF6804D0049D80B /* Frameworks */ = {
			isa = PBXFrameworksBuildPhase;
			buildActionMask = 2147483647;
			files = (
				921118BFF24E238AD9027B7C /* libPods-DribbbleAppTests.a in Frameworks */,
			);
			runOnlyForDeploymentPostprocessing = 0;
		};
		8D859E361DF6804D0049D80B /* Frameworks */ = {
			isa = PBXFrameworksBuildPhase;
			buildActionMask = 2147483647;
			files = (
				E34C764E542D7182046FC801 /* libPods-DribbbleAppUITests.a in Frameworks */,
			);
			runOnlyForDeploymentPostprocessing = 0;
		};
/* End PBXFrameworksBuildPhase section */

/* Begin PBXGroup section */
		69B9D4077989463138AC7D09 /* Pods */ = {
			isa = PBXGroup;
			children = (
				BB90F435692580C636D5DB02 /* Pods-DribbbleApp.debug.xcconfig */,
				70288AD39950DB7A1D362A3B /* Pods-DribbbleApp.release.xcconfig */,
				12DF59988487D3D29DEB450D /* Pods-DribbbleAppTests.debug.xcconfig */,
				BE8EFF162FE1361DEEB9DD40 /* Pods-DribbbleAppTests.release.xcconfig */,
				F24B027058577995F9CB3AA0 /* Pods-DribbbleAppUITests.debug.xcconfig */,
				430AB9F8AB0D5C52D0A46F00 /* Pods-DribbbleAppUITests.release.xcconfig */,
			);
			name = Pods;
			sourceTree = "<group>";
		};
		69FD673DCC6002474B8EA1CD /* Frameworks */ = {
			isa = PBXGroup;
			children = (
				8D859E5D1DF806410049D80B /* QuartzCore.framework */,
				5CDED0CDE3DA535AA8581D9A /* libPods-DribbbleApp.a */,
				84C3896CA409800F51A50D0A /* libPods-DribbbleAppTests.a */,
				045498DCB2E2D3BF7D230455 /* libPods-DribbbleAppUITests.a */,
			);
			name = Frameworks;
			sourceTree = "<group>";
		};
		8D859E091DF6804D0049D80B = {
			isa = PBXGroup;
			children = (
				8D859E141DF6804D0049D80B /* DribbbleApp */,
				8D859E311DF6804D0049D80B /* DribbbleAppTests */,
				8D859E3C1DF6804D0049D80B /* DribbbleAppUITests */,
				8D859E131DF6804D0049D80B /* Products */,
				69B9D4077989463138AC7D09 /* Pods */,
				69FD673DCC6002474B8EA1CD /* Frameworks */,
			);
			sourceTree = "<group>";
		};
		8D859E131DF6804D0049D80B /* Products */ = {
			isa = PBXGroup;
			children = (
				8D859E121DF6804D0049D80B /* DribbbleApp.app */,
				8D859E2E1DF6804D0049D80B /* DribbbleAppTests.xctest */,
				8D859E391DF6804D0049D80B /* DribbbleAppUITests.xctest */,
			);
			name = Products;
			sourceTree = "<group>";
		};
		8D859E141DF6804D0049D80B /* DribbbleApp */ = {
			isa = PBXGroup;
			children = (
				8D859E181DF6804D0049D80B /* AppDelegate.h */,
				8D859E191DF6804D0049D80B /* AppDelegate.m */,
				8D859E5B1DF7EF180049D80B /* Networking */,
				8D859E4B1DF6B98E0049D80B /* Trend */,
				8D859E591DF7EE090049D80B /* Discover */,
				8D859E5A1DF7EE2D0049D80B /* You */,
				8D859E211DF6804D0049D80B /* Main.storyboard */,
				8D859E241DF6804D0049D80B /* Assets.xcassets */,
				8D859E261DF6804D0049D80B /* LaunchScreen.storyboard */,
				8D859E291DF6804D0049D80B /* Info.plist */,
				8D859E151DF6804D0049D80B /* Supporting Files */,
			);
			path = DribbbleApp;
			sourceTree = "<group>";
		};
		8D859E151DF6804D0049D80B /* Supporting Files */ = {
			isa = PBXGroup;
			children = (
				8D859E5F1DF819600049D80B /* advent-pro.regular.ttf */,
				8D859E161DF6804D0049D80B /* main.m */,
			);
			name = "Supporting Files";
			sourceTree = "<group>";
		};
		8D859E311DF6804D0049D80B /* DribbbleAppTests */ = {
			isa = PBXGroup;
			children = (
				8D859E321DF6804D0049D80B /* DribbbleAppTests.m */,
				8D859E341DF6804D0049D80B /* Info.plist */,
			);
			path = DribbbleAppTests;
			sourceTree = "<group>";
		};
		8D859E3C1DF6804D0049D80B /* DribbbleAppUITests */ = {
			isa = PBXGroup;
			children = (
				8D859E3D1DF6804D0049D80B /* DribbbleAppUITests.m */,
				8D859E3F1DF6804D0049D80B /* Info.plist */,
			);
			path = DribbbleAppUITests;
			sourceTree = "<group>";
		};
		8D859E4B1DF6B98E0049D80B /* Trend */ = {
			isa = PBXGroup;
			children = (
				8D859E4E1DF6BA020049D80B /* Models */,
				8D859E4D1DF6B9F30049D80B /* Views */,
				8D859E4C1DF6B9C50049D80B /* Controllers */,
			);
			name = Trend;
			sourceTree = "<group>";
		};
		8D859E4C1DF6B9C50049D80B /* Controllers */ = {
			isa = PBXGroup;
			children = (
				8D859E1C1DF6804D0049D80B /* TrendViewController.m */,
				8D859E1B1DF6804D0049D80B /* TrendViewController.h */,
			);
			name = Controllers;
			sourceTree = "<group>";
		};
		8D859E4D1DF6B9F30049D80B /* Views */ = {
			isa = PBXGroup;
			children = (
				725B32091DF726080053BEF0 /* ShotPostsCell.xib */,
				725B320B1DF727D50053BEF0 /* ShotPostsCell.h */,
				725B320C1DF727D50053BEF0 /* ShotPostsCell.m */,
			);
			name = Views;
			sourceTree = "<group>";
		};
		8D859E4E1DF6BA020049D80B /* Models */ = {
			isa = PBXGroup;
			children = (
			);
			name = Models;
			sourceTree = "<group>";
		};
		8D859E591DF7EE090049D80B /* Discover */ = {
			isa = PBXGroup;
			children = (
				8D859E1E1DF6804D0049D80B /* SecondViewController.h */,
				8D859E1F1DF6804D0049D80B /* SecondViewController.m */,
			);
			name = Discover;
			sourceTree = "<group>";
		};
		8D859E5A1DF7EE2D0049D80B /* You */ = {
			isa = PBXGroup;
			children = (
			);
			name = You;
			sourceTree = "<group>";
		};
		8D859E5B1DF7EF180049D80B /* Networking */ = {
			isa = PBXGroup;
			children = (
			);
			name = Networking;
			sourceTree = "<group>";
		};
/* End PBXGroup section */

/* Begin PBXNativeTarget section */
		8D859E111DF6804D0049D80B /* DribbbleApp */ = {
			isa = PBXNativeTarget;
			buildConfigurationList = 8D859E421DF6804D0049D80B /* Build configuration list for PBXNativeTarget "DribbbleApp" */;
			buildPhases = (
				73D3EE96776766F1523082EF /* 📦 Check Pods Manifest.lock */,
				8D859E0E1DF6804D0049D80B /* Sources */,
				8D859E0F1DF6804D0049D80B /* Frameworks */,
				8D859E101DF6804D0049D80B /* Resources */,
				FED34D205F31F2A21A8C0E0B /* 📦 Embed Pods Frameworks */,
				FB80EBEBCD23CD1C3B6160AD /* 📦 Copy Pods Resources */,
			);
			buildRules = (
			);
			dependencies = (
			);
			name = DribbbleApp;
			productName = DribbbleApp;
			productReference = 8D859E121DF6804D0049D80B /* DribbbleApp.app */;
			productType = "com.apple.product-type.application";
		};
		8D859E2D1DF6804D0049D80B /* DribbbleAppTests */ = {
			isa = PBXNativeTarget;
			buildConfigurationList = 8D859E451DF6804D0049D80B /* Build configuration list for PBXNativeTarget "DribbbleAppTests" */;
			buildPhases = (
				0323BE4CFCFD2DB99AF7C3EA /* 📦 Check Pods Manifest.lock */,
				8D859E2A1DF6804D0049D80B /* Sources */,
				8D859E2B1DF6804D0049D80B /* Frameworks */,
				8D859E2C1DF6804D0049D80B /* Resources */,
				63C4319F97C1A75397BAE05F /* 📦 Embed Pods Frameworks */,
				B3308184EEE44974431FBB3B /* 📦 Copy Pods Resources */,
			);
			buildRules = (
			);
			dependencies = (
				8D859E301DF6804D0049D80B /* PBXTargetDependency */,
			);
			name = DribbbleAppTests;
			productName = DribbbleAppTests;
			productReference = 8D859E2E1DF6804D0049D80B /* DribbbleAppTests.xctest */;
			productType = "com.apple.product-type.bundle.unit-test";
		};
		8D859E381DF6804D0049D80B /* DribbbleAppUITests */ = {
			isa = PBXNativeTarget;
			buildConfigurationList = 8D859E481DF6804D0049D80B /* Build configuration list for PBXNativeTarget "DribbbleAppUITests" */;
			buildPhases = (
				6B077A30621AD1AA8ACFAB44 /* 📦 Check Pods Manifest.lock */,
				8D859E351DF6804D0049D80B /* Sources */,
				8D859E361DF6804D0049D80B /* Frameworks */,
				8D859E371DF6804D0049D80B /* Resources */,
				AEA7C60C09CACD0803E8A3D1 /* 📦 Copy Pods Resources */,
			);
			buildRules = (
			);
			dependencies = (
				8D859E3B1DF6804D0049D80B /* PBXTargetDependency */,
			);
			name = DribbbleAppUITests;
			productName = DribbbleAppUITests;
			productReference = 8D859E391DF6804D0049D80B /* DribbbleAppUITests.xctest */;
			productType = "com.apple.product-type.bundle.ui-testing";
		};
/* End PBXNativeTarget section */

/* Begin PBXProject section */
		8D859E0A1DF6804D0049D80B /* Project object */ = {
			isa = PBXProject;
			attributes = {
				LastUpgradeCheck = 0810;
				ORGANIZATIONNAME = "MonsterTech Studio";
				TargetAttributes = {
					8D859E111DF6804D0049D80B = {
						CreatedOnToolsVersion = 8.1;
						DevelopmentTeam = TSXDWSWUUR;
						ProvisioningStyle = Automatic;
					};
					8D859E2D1DF6804D0049D80B = {
						CreatedOnToolsVersion = 8.1;
						DevelopmentTeam = TSXDWSWUUR;
						ProvisioningStyle = Automatic;
						TestTargetID = 8D859E111DF6804D0049D80B;
					};
					8D859E381DF6804D0049D80B = {
						CreatedOnToolsVersion = 8.1;
						DevelopmentTeam = TSXDWSWUUR;
						ProvisioningStyle = Automatic;
						TestTargetID = 8D859E111DF6804D0049D80B;
					};
				};
			};
			buildConfigurationList = 8D859E0D1DF6804D0049D80B /* Build configuration list for PBXProject "DribbbleApp" */;
			compatibilityVersion = "Xcode 3.2";
			developmentRegion = English;
			hasScannedForEncodings = 0;
			knownRegions = (
				en,
				Base,
			);
			mainGroup = 8D859E091DF6804D0049D80B;
			productRefGroup = 8D859E131DF6804D0049D80B /* Products */;
			projectDirPath = "";
			projectRoot = "";
			targets = (
				8D859E111DF6804D0049D80B /* DribbbleApp */,
				8D859E2D1DF6804D0049D80B /* DribbbleAppTests */,
				8D859E381DF6804D0049D80B /* DribbbleAppUITests */,
			);
		};
/* End PBXProject section */

/* Begin PBXResourcesBuildPhase section */
		8D859E101DF6804D0049D80B /* Resources */ = {
			isa = PBXResourcesBuildPhase;
			buildActionMask = 2147483647;
			files = (
				8D859E281DF6804D0049D80B /* LaunchScreen.storyboard in Resources */,
				725B320A1DF726080053BEF0 /* ShotPostsCell.xib in Resources */,
				8D859E251DF6804D0049D80B /* Assets.xcassets in Resources */,
				8D859E231DF6804D0049D80B /* Main.storyboard in Resources */,
			);
			runOnlyForDeploymentPostprocessing = 0;
		};
		8D859E2C1DF6804D0049D80B /* Resources */ = {
			isa = PBXResourcesBuildPhase;
			buildActionMask = 2147483647;
			files = (
			);
			runOnlyForDeploymentPostprocessing = 0;
		};
		8D859E371DF6804D0049D80B /* Resources */ = {
			isa = PBXResourcesBuildPhase;
			buildActionMask = 2147483647;
			files = (
			);
			runOnlyForDeploymentPostprocessing = 0;
		};
/* End PBXResourcesBuildPhase section */

/* Begin PBXShellScriptBuildPhase section */
		0323BE4CFCFD2DB99AF7C3EA /* 📦 Check Pods Manifest.lock */ = {
			isa = PBXShellScriptBuildPhase;
			buildActionMask = 2147483647;
			files = (
			);
			inputPaths = (
			);
			name = "📦 Check Pods Manifest.lock";
			outputPaths = (
			);
			runOnlyForDeploymentPostprocessing = 0;
			shellPath = /bin/sh;
			shellScript = "diff \"${PODS_ROOT}/../Podfile.lock\" \"${PODS_ROOT}/Manifest.lock\" > /dev/null\nif [[ $? != 0 ]] ; then\n    cat << EOM\nerror: The sandbox is not in sync with the Podfile.lock. Run 'pod install' or update your CocoaPods installation.\nEOM\n    exit 1\nfi\n";
			showEnvVarsInLog = 0;
		};
		63C4319F97C1A75397BAE05F /* 📦 Embed Pods Frameworks */ = {
			isa = PBXShellScriptBuildPhase;
			buildActionMask = 2147483647;
			files = (
			);
			inputPaths = (
			);
			name = "📦 Embed Pods Frameworks";
			outputPaths = (
			);
			runOnlyForDeploymentPostprocessing = 0;
			shellPath = /bin/sh;
			shellScript = "\"${SRCROOT}/Pods/Target Support Files/Pods-DribbbleAppTests/Pods-DribbbleAppTests-frameworks.sh\"\n";
			showEnvVarsInLog = 0;
		};
		6B077A30621AD1AA8ACFAB44 /* 📦 Check Pods Manifest.lock */ = {
			isa = PBXShellScriptBuildPhase;
			buildActionMask = 2147483647;
			files = (
			);
			inputPaths = (
			);
			name = "📦 Check Pods Manifest.lock";
			outputPaths = (
			);
			runOnlyForDeploymentPostprocessing = 0;
			shellPath = /bin/sh;
			shellScript = "diff \"${PODS_ROOT}/../Podfile.lock\" \"${PODS_ROOT}/Manifest.lock\" > /dev/null\nif [[ $? != 0 ]] ; then\n    cat << EOM\nerror: The sandbox is not in sync with the Podfile.lock. Run 'pod install' or update your CocoaPods installation.\nEOM\n    exit 1\nfi\n";
			showEnvVarsInLog = 0;
		};
		73D3EE96776766F1523082EF /* 📦 Check Pods Manifest.lock */ = {
			isa = PBXShellScriptBuildPhase;
			buildActionMask = 2147483647;
			files = (
			);
			inputPaths = (
			);
			name = "📦 Check Pods Manifest.lock";
			outputPaths = (
			);
			runOnlyForDeploymentPostprocessing = 0;
			shellPath = /bin/sh;
			shellScript = "diff \"${PODS_ROOT}/../Podfile.lock\" \"${PODS_ROOT}/Manifest.lock\" > /dev/null\nif [[ $? != 0 ]] ; then\n    cat << EOM\nerror: The sandbox is not in sync with the Podfile.lock. Run 'pod install' or update your CocoaPods installation.\nEOM\n    exit 1\nfi\n";
			showEnvVarsInLog = 0;
		};
		AEA7C60C09CACD0803E8A3D1 /* 📦 Copy Pods Resources */ = {
			isa = PBXShellScriptBuildPhase;
			buildActionMask = 2147483647;
			files = (
			);
			inputPaths = (
			);
			name = "📦 Copy Pods Resources";
			outputPaths = (
			);
			runOnlyForDeploymentPostprocessing = 0;
			shellPath = /bin/sh;
			shellScript = "\"${SRCROOT}/Pods/Target Support Files/Pods-DribbbleAppUITests/Pods-DribbbleAppUITests-resources.sh\"\n";
			showEnvVarsInLog = 0;
		};
		B3308184EEE44974431FBB3B /* 📦 Copy Pods Resources */ = {
			isa = PBXShellScriptBuildPhase;
			buildActionMask = 2147483647;
			files = (
			);
			inputPaths = (
			);
			name = "📦 Copy Pods Resources";
			outputPaths = (
			);
			runOnlyForDeploymentPostprocessing = 0;
			shellPath = /bin/sh;
			shellScript = "\"${SRCROOT}/Pods/Target Support Files/Pods-DribbbleAppTests/Pods-DribbbleAppTests-resources.sh\"\n";
			showEnvVarsInLog = 0;
		};
		FB80EBEBCD23CD1C3B6160AD /* 📦 Copy Pods Resources */ = {
			isa = PBXShellScriptBuildPhase;
			buildActionMask = 2147483647;
			files = (
			);
			inputPaths = (
			);
			name = "📦 Copy Pods Resources";
			outputPaths = (
			);
			runOnlyForDeploymentPostprocessing = 0;
			shellPath = /bin/sh;
			shellScript = "\"${SRCROOT}/Pods/Target Support Files/Pods-DribbbleApp/Pods-DribbbleApp-resources.sh\"\n";
			showEnvVarsInLog = 0;
		};
		FED34D205F31F2A21A8C0E0B /* 📦 Embed Pods Frameworks */ = {
			isa = PBXShellScriptBuildPhase;
			buildActionMask = 2147483647;
			files = (
			);
			inputPaths = (
			);
			name = "📦 Embed Pods Frameworks";
			outputPaths = (
			);
			runOnlyForDeploymentPostprocessing = 0;
			shellPath = /bin/sh;
			shellScript = "\"${SRCROOT}/Pods/Target Support Files/Pods-DribbbleApp/Pods-DribbbleApp-frameworks.sh\"\n";
			showEnvVarsInLog = 0;
		};
/* End PBXShellScriptBuildPhase section */

/* Begin PBXSourcesBuildPhase section */
		8D859E0E1DF6804D0049D80B /* Sources */ = {
			isa = PBXSourcesBuildPhase;
			buildActionMask = 2147483647;
			files = (
				8D859E201DF6804D0049D80B /* SecondViewController.m in Sources */,
				8D859E1A1DF6804D0049D80B /* AppDelegate.m in Sources */,
				8D859E1D1DF6804D0049D80B /* TrendViewController.m in Sources */,
				8D859E171DF6804D0049D80B /* main.m in Sources */,
				725B320D1DF727D50053BEF0 /* ShotPostsCell.m in Sources */,
			);
			runOnlyForDeploymentPostprocessing = 0;
		};
		8D859E2A1DF6804D0049D80B /* Sources */ = {
			isa = PBXSourcesBuildPhase;
			buildActionMask = 2147483647;
			files = (
				8D859E331DF6804D0049D80B /* DribbbleAppTests.m in Sources */,
			);
			runOnlyForDeploymentPostprocessing = 0;
		};
		8D859E351DF6804D0049D80B /* Sources */ = {
			isa = PBXSourcesBuildPhase;
			buildActionMask = 2147483647;
			files = (
				8D859E3E1DF6804D0049D80B /* DribbbleAppUITests.m in Sources */,
			);
			runOnlyForDeploymentPostprocessing = 0;
		};
/* End PBXSourcesBuildPhase section */

/* Begin PBXTargetDependency section */
		8D859E301DF6804D0049D80B /* PBXTargetDependency */ = {
			isa = PBXTargetDependency;
			target = 8D859E111DF6804D0049D80B /* DribbbleApp */;
			targetProxy = 8D859E2F1DF6804D0049D80B /* PBXContainerItemProxy */;
		};
		8D859E3B1DF6804D0049D80B /* PBXTargetDependency */ = {
			isa = PBXTargetDependency;
			target = 8D859E111DF6804D0049D80B /* DribbbleApp */;
			targetProxy = 8D859E3A1DF6804D0049D80B /* PBXContainerItemProxy */;
		};
/* End PBXTargetDependency section */

/* Begin PBXVariantGroup section */
		8D859E211DF6804D0049D80B /* Main.storyboard */ = {
			isa = PBXVariantGroup;
			children = (
				8D859E221DF6804D0049D80B /* Base */,
			);
			name = Main.storyboard;
			sourceTree = "<group>";
		};
		8D859E261DF6804D0049D80B /* LaunchScreen.storyboard */ = {
			isa = PBXVariantGroup;
			children = (
				8D859E271DF6804D0049D80B /* Base */,
			);
			name = LaunchScreen.storyboard;
			sourceTree = "<group>";
		};
/* End PBXVariantGroup section */

/* Begin XCBuildConfiguration section */
		8D859E401DF6804D0049D80B /* Debug */ = {
			isa = XCBuildConfiguration;
			buildSettings = {
				ALWAYS_SEARCH_USER_PATHS = NO;
				CLANG_ANALYZER_NONNULL = YES;
				CLANG_CXX_LANGUAGE_STANDARD = "gnu++0x";
				CLANG_CXX_LIBRARY = "libc++";
				CLANG_ENABLE_MODULES = YES;
				CLANG_ENABLE_OBJC_ARC = YES;
				CLANG_WARN_BOOL_CONVERSION = YES;
				CLANG_WARN_CONSTANT_CONVERSION = YES;
				CLANG_WARN_DIRECT_OBJC_ISA_USAGE = YES_ERROR;
				CLANG_WARN_DOCUMENTATION_COMMENTS = YES;
				CLANG_WARN_EMPTY_BODY = YES;
				CLANG_WARN_ENUM_CONVERSION = YES;
				CLANG_WARN_INFINITE_RECURSION = YES;
				CLANG_WARN_INT_CONVERSION = YES;
				CLANG_WARN_OBJC_ROOT_CLASS = YES_ERROR;
				CLANG_WARN_SUSPICIOUS_MOVES = YES;
				CLANG_WARN_UNREACHABLE_CODE = YES;
				CLANG_WARN__DUPLICATE_METHOD_MATCH = YES;
				"CODE_SIGN_IDENTITY[sdk=iphoneos*]" = "iPhone Developer";
				COPY_PHASE_STRIP = NO;
				DEBUG_INFORMATION_FORMAT = dwarf;
				ENABLE_STRICT_OBJC_MSGSEND = YES;
				ENABLE_TESTABILITY = YES;
				GCC_C_LANGUAGE_STANDARD = gnu99;
				GCC_DYNAMIC_NO_PIC = NO;
				GCC_NO_COMMON_BLOCKS = YES;
				GCC_OPTIMIZATION_LEVEL = 0;
				GCC_PREPROCESSOR_DEFINITIONS = (
					"DEBUG=1",
					"$(inherited)",
				);
				GCC_WARN_64_TO_32_BIT_CONVERSION = YES;
				GCC_WARN_ABOUT_RETURN_TYPE = YES_ERROR;
				GCC_WARN_UNDECLARED_SELECTOR = YES;
				GCC_WARN_UNINITIALIZED_AUTOS = YES_AGGRESSIVE;
				GCC_WARN_UNUSED_FUNCTION = YES;
				GCC_WARN_UNUSED_VARIABLE = YES;
				IPHONEOS_DEPLOYMENT_TARGET = 10.1;
				MTL_ENABLE_DEBUG_INFO = YES;
				ONLY_ACTIVE_ARCH = YES;
				SDKROOT = iphoneos;
				TARGETED_DEVICE_FAMILY = "1,2";
			};
			name = Debug;
		};
		8D859E411DF6804D0049D80B /* Release */ = {
			isa = XCBuildConfiguration;
			buildSettings = {
				ALWAYS_SEARCH_USER_PATHS = NO;
				CLANG_ANALYZER_NONNULL = YES;
				CLANG_CXX_LANGUAGE_STANDARD = "gnu++0x";
				CLANG_CXX_LIBRARY = "libc++";
				CLANG_ENABLE_MODULES = YES;
				CLANG_ENABLE_OBJC_ARC = YES;
				CLANG_WARN_BOOL_CONVERSION = YES;
				CLANG_WARN_CONSTANT_CONVERSION = YES;
				CLANG_WARN_DIRECT_OBJC_ISA_USAGE = YES_ERROR;
				CLANG_WARN_DOCUMENTATION_COMMENTS = YES;
				CLANG_WARN_EMPTY_BODY = YES;
				CLANG_WARN_ENUM_CONVERSION = YES;
				CLANG_WARN_INFINITE_RECURSION = YES;
				CLANG_WARN_INT_CONVERSION = YES;
				CLANG_WARN_OBJC_ROOT_CLASS = YES_ERROR;
				CLANG_WARN_SUSPICIOUS_MOVES = YES;
				CLANG_WARN_UNREACHABLE_CODE = YES;
				CLANG_WARN__DUPLICATE_METHOD_MATCH = YES;
				"CODE_SIGN_IDENTITY[sdk=iphoneos*]" = "iPhone Developer";
				COPY_PHASE_STRIP = NO;
				DEBUG_INFORMATION_FORMAT = "dwarf-with-dsym";
				ENABLE_NS_ASSERTIONS = NO;
				ENABLE_STRICT_OBJC_MSGSEND = YES;
				GCC_C_LANGUAGE_STANDARD = gnu99;
				GCC_NO_COMMON_BLOCKS = YES;
				GCC_WARN_64_TO_32_BIT_CONVERSION = YES;
				GCC_WARN_ABOUT_RETURN_TYPE = YES_ERROR;
				GCC_WARN_UNDECLARED_SELECTOR = YES;
				GCC_WARN_UNINITIALIZED_AUTOS = YES_AGGRESSIVE;
				GCC_WARN_UNUSED_FUNCTION = YES;
				GCC_WARN_UNUSED_VARIABLE = YES;
				IPHONEOS_DEPLOYMENT_TARGET = 10.1;
				MTL_ENABLE_DEBUG_INFO = NO;
				SDKROOT = iphoneos;
				TARGETED_DEVICE_FAMILY = "1,2";
				VALIDATE_PRODUCT = YES;
			};
			name = Release;
		};
		8D859E431DF6804D0049D80B /* Debug */ = {
			isa = XCBuildConfiguration;
			baseConfigurationReference = BB90F435692580C636D5DB02 /* Pods-DribbbleApp.debug.xcconfig */;
			buildSettings = {
				ASSETCATALOG_COMPILER_APPICON_NAME = AppIcon;
				DEVELOPMENT_TEAM = TSXDWSWUUR;
				INFOPLIST_FILE = DribbbleApp/Info.plist;
				LD_RUNPATH_SEARCH_PATHS = "$(inherited) @executable_path/Frameworks";
				PRODUCT_BUNDLE_IDENTIFIER = com.monstertechstudio.DribbbleApp;
				PRODUCT_NAME = "$(TARGET_NAME)";
			};
			name = Debug;
		};
		8D859E441DF6804D0049D80B /* Release */ = {
			isa = XCBuildConfiguration;
			baseConfigurationReference = 70288AD39950DB7A1D362A3B /* Pods-DribbbleApp.release.xcconfig */;
			buildSettings = {
				ASSETCATALOG_COMPILER_APPICON_NAME = AppIcon;
				DEVELOPMENT_TEAM = TSXDWSWUUR;
				INFOPLIST_FILE = DribbbleApp/Info.plist;
				LD_RUNPATH_SEARCH_PATHS = "$(inherited) @executable_path/Frameworks";
				PRODUCT_BUNDLE_IDENTIFIER = com.monstertechstudio.DribbbleApp;
				PRODUCT_NAME = "$(TARGET_NAME)";
			};
			name = Release;
		};
		8D859E461DF6804D0049D80B /* Debug */ = {
			isa = XCBuildConfiguration;
			baseConfigurationReference = 12DF59988487D3D29DEB450D /* Pods-DribbbleAppTests.debug.xcconfig */;
			buildSettings = {
				BUNDLE_LOADER = "$(TEST_HOST)";
				DEVELOPMENT_TEAM = TSXDWSWUUR;
				INFOPLIST_FILE = DribbbleAppTests/Info.plist;
				LD_RUNPATH_SEARCH_PATHS = "$(inherited) @executable_path/Frameworks @loader_path/Frameworks";
				PRODUCT_BUNDLE_IDENTIFIER = com.monstertechstudio.DribbbleAppTests;
				PRODUCT_NAME = "$(TARGET_NAME)";
				TEST_HOST = "$(BUILT_PRODUCTS_DIR)/DribbbleApp.app/DribbbleApp";
			};
			name = Debug;
		};
		8D859E471DF6804D0049D80B /* Release */ = {
			isa = XCBuildConfiguration;
			baseConfigurationReference = BE8EFF162FE1361DEEB9DD40 /* Pods-DribbbleAppTests.release.xcconfig */;
			buildSettings = {
				BUNDLE_LOADER = "$(TEST_HOST)";
				DEVELOPMENT_TEAM = TSXDWSWUUR;
				INFOPLIST_FILE = DribbbleAppTests/Info.plist;
				LD_RUNPATH_SEARCH_PATHS = "$(inherited) @executable_path/Frameworks @loader_path/Frameworks";
				PRODUCT_BUNDLE_IDENTIFIER = com.monstertechstudio.DribbbleAppTests;
				PRODUCT_NAME = "$(TARGET_NAME)";
				TEST_HOST = "$(BUILT_PRODUCTS_DIR)/DribbbleApp.app/DribbbleApp";
			};
			name = Release;
		};
		8D859E491DF6804D0049D80B /* Debug */ = {
			isa = XCBuildConfiguration;
			baseConfigurationReference = F24B027058577995F9CB3AA0 /* Pods-DribbbleAppUITests.debug.xcconfig */;
			buildSettings = {
				DEVELOPMENT_TEAM = TSXDWSWUUR;
				INFOPLIST_FILE = DribbbleAppUITests/Info.plist;
				LD_RUNPATH_SEARCH_PATHS = "$(inherited) @executable_path/Frameworks @loader_path/Frameworks";
				PRODUCT_BUNDLE_IDENTIFIER = com.monstertechstudio.DribbbleAppUITests;
				PRODUCT_NAME = "$(TARGET_NAME)";
				TEST_TARGET_NAME = DribbbleApp;
			};
			name = Debug;
		};
		8D859E4A1DF6804D0049D80B /* Release */ = {
			isa = XCBuildConfiguration;
			baseConfigurationReference = 430AB9F8AB0D5C52D0A46F00 /* Pods-DribbbleAppUITests.release.xcconfig */;
			buildSettings = {
				DEVELOPMENT_TEAM = TSXDWSWUUR;
				INFOPLIST_FILE = DribbbleAppUITests/Info.plist;
				LD_RUNPATH_SEARCH_PATHS = "$(inherited) @executable_path/Frameworks @loader_path/Frameworks";
				PRODUCT_BUNDLE_IDENTIFIER = com.monstertechstudio.DribbbleAppUITests;
				PRODUCT_NAME = "$(TARGET_NAME)";
				TEST_TARGET_NAME = DribbbleApp;
			};
			name = Release;
		};
/* End XCBuildConfiguration section */

/* Begin XCConfigurationList section */
		8D859E0D1DF6804D0049D80B /* Build configuration list for PBXProject "DribbbleApp" */ = {
			isa = XCConfigurationList;
			buildConfigurations = (
				8D859E401DF6804D0049D80B /* Debug */,
				8D859E411DF6804D0049D80B /* Release */,
			);
			defaultConfigurationIsVisible = 0;
			defaultConfigurationName = Release;
		};
		8D859E421DF6804D0049D80B /* Build configuration list for PBXNativeTarget "DribbbleApp" */ = {
			isa = XCConfigurationList;
			buildConfigurations = (
				8D859E431DF6804D0049D80B /* Debug */,
				8D859E441DF6804D0049D80B /* Release */,
			);
			defaultConfigurationIsVisible = 0;
			defaultConfigurationName = Release;
		};
		8D859E451DF6804D0049D80B /* Build configuration list for PBXNativeTarget "DribbbleAppTests" */ = {
			isa = XCConfigurationList;
			buildConfigurations = (
				8D859E461DF6804D0049D80B /* Debug */,
				8D859E471DF6804D0049D80B /* Release */,
			);
			defaultConfigurationIsVisible = 0;
			defaultConfigurationName = Release;
		};
		8D859E481DF6804D0049D80B /* Build configuration list for PBXNativeTarget "DribbbleAppUITests" */ = {
			isa = XCConfigurationList;
			buildConfigurations = (
				8D859E491DF6804D0049D80B /* Debug */,
				8D859E4A1DF6804D0049D80B /* Release */,
			);
			defaultConfigurationIsVisible = 0;
			defaultConfigurationName = Release;
		};
/* End XCConfigurationList section */
	};
	rootObject = 8D859E0A1DF6804D0049D80B /* Project object */;
}
